
Microsoft Visual Studio Solution File, Format Version 12.00
# Visual Studio 15
VisualStudioVersion = 15.0.27428.2027
MinimumVisualStudioVersion = 10.0.40219.1
Project("{FAE04EC0-301F-11D3-BF4B-00C04F79EFBC}") = "rpg game", "rpg game\rpg game.csproj", "{ABBBC2AD-F5AF-445E-BD2D-2BA05EFB4188}"
EndProject
Global
	GlobalSection(SolutionConfigurationPlatforms) = preSolution
		Debug|Any CPU = Debug|Any CPU
		Release|Any CPU = Release|Any CPU
	EndGlobalSection
	GlobalSection(ProjectConfigurationPlatforms) = postSolution
		{ABBBC2AD-F5AF-445E-BD2D-2BA05EFB4188}.Debug|Any CPU.ActiveCfg = Debug|Any CPU
		{ABBBC2AD-F5AF-445E-BD2D-2BA05EFB4188}.Debug|Any CPU.Build.0 = Debug|Any CPU
		{ABBBC2AD-F5AF-445E-BD2D-2BA05EFB4188}.Release|Any CPU.ActiveCfg = Release|Any CPU
		{ABBBC2AD-F5AF-445E-BD2D-2BA05EFB4188}.Release|Any CPU.Build.0 = Release|Any CPU
	EndGlobalSection
	GlobalSection(SolutionProperties) = preSolution
		HideSolutionNode = FALSE
	EndGlobalSection
	GlobalSection(ExtensibilityGlobals) = postSolution
		SolutionGuid = {26300CDF-A75E-418B-AC1D-9F23CE6CDEE7}
	EndGlobalSection
EndGlobal
