
Microsoft Visual Studio Solution File, Format Version 12.00
# Visual Studio 15
VisualStudioVersion = 15.0.27428.2027
MinimumVisualStudioVersion = 10.0.40219.1
Project("{FAE04EC0-301F-11D3-BF4B-00C04F79EFBC}") = "Lab Reverse Array", "Lab Reverse Array\Lab Reverse Array.csproj", "{11A4F81D-7F0C-47F4-8750-3EB66F65CCFB}"
EndProject
Global
	GlobalSection(SolutionConfigurationPlatforms) = preSolution
		Debug|Any CPU = Debug|Any CPU
		Release|Any CPU = Release|Any CPU
	EndGlobalSection
	GlobalSection(ProjectConfigurationPlatforms) = postSolution
		{11A4F81D-7F0C-47F4-8750-3EB66F65CCFB}.Debug|Any CPU.ActiveCfg = Debug|Any CPU
		{11A4F81D-7F0C-47F4-8750-3EB66F65CCFB}.Debug|Any CPU.Build.0 = Debug|Any CPU
		{11A4F81D-7F0C-47F4-8750-3EB66F65CCFB}.Release|Any CPU.ActiveCfg = Release|Any CPU
		{11A4F81D-7F0C-47F4-8750-3EB66F65CCFB}.Release|Any CPU.Build.0 = Release|Any CPU
	EndGlobalSection
	GlobalSection(SolutionProperties) = preSolution
		HideSolutionNode = FALSE
	EndGlobalSection
	GlobalSection(ExtensibilityGlobals) = postSolution
		SolutionGuid = {73471B50-5B45-4CA7-BFA1-FF2A5B493B10}
	EndGlobalSection
EndGlobal
