
Microsoft Visual Studio Solution File, Format Version 12.00
# Visual Studio 15
VisualStudioVersion = 15.0.27428.2027
MinimumVisualStudioVersion = 10.0.40219.1
Project("{FAE04EC0-301F-11D3-BF4B-00C04F79EFBC}") = "HandsOnQuiz3ConvertTemperature", "HandsOnQuiz3ConvertTemperature\HandsOnQuiz3ConvertTemperature.csproj", "{C74A6A91-E838-4EC7-BFD2-5AD100156DE2}"
EndProject
Global
	GlobalSection(SolutionConfigurationPlatforms) = preSolution
		Debug|Any CPU = Debug|Any CPU
		Release|Any CPU = Release|Any CPU
	EndGlobalSection
	GlobalSection(ProjectConfigurationPlatforms) = postSolution
		{C74A6A91-E838-4EC7-BFD2-5AD100156DE2}.Debug|Any CPU.ActiveCfg = Debug|Any CPU
		{C74A6A91-E838-4EC7-BFD2-5AD100156DE2}.Debug|Any CPU.Build.0 = Debug|Any CPU
		{C74A6A91-E838-4EC7-BFD2-5AD100156DE2}.Release|Any CPU.ActiveCfg = Release|Any CPU
		{C74A6A91-E838-4EC7-BFD2-5AD100156DE2}.Release|Any CPU.Build.0 = Release|Any CPU
	EndGlobalSection
	GlobalSection(SolutionProperties) = preSolution
		HideSolutionNode = FALSE
	EndGlobalSection
	GlobalSection(ExtensibilityGlobals) = postSolution
		SolutionGuid = {57CE544E-879B-40C1-8123-A51AAC5FDC99}
	EndGlobalSection
EndGlobal
