
Microsoft Visual Studio Solution File, Format Version 12.00
# Visual Studio 15
VisualStudioVersion = 15.0.27428.2027
MinimumVisualStudioVersion = 10.0.40219.1
Project("{FAE04EC0-301F-11D3-BF4B-00C04F79EFBC}") = "Lab 2 Calculate Batting Average", "Lab 2 Calculate Batting Average\Lab 2 Calculate Batting Average.csproj", "{92DA5F7E-0389-4039-9361-45984F480294}"
EndProject
Global
	GlobalSection(SolutionConfigurationPlatforms) = preSolution
		Debug|Any CPU = Debug|Any CPU
		Release|Any CPU = Release|Any CPU
	EndGlobalSection
	GlobalSection(ProjectConfigurationPlatforms) = postSolution
		{92DA5F7E-0389-4039-9361-45984F480294}.Debug|Any CPU.ActiveCfg = Debug|Any CPU
		{92DA5F7E-0389-4039-9361-45984F480294}.Debug|Any CPU.Build.0 = Debug|Any CPU
		{92DA5F7E-0389-4039-9361-45984F480294}.Release|Any CPU.ActiveCfg = Release|Any CPU
		{92DA5F7E-0389-4039-9361-45984F480294}.Release|Any CPU.Build.0 = Release|Any CPU
	EndGlobalSection
	GlobalSection(SolutionProperties) = preSolution
		HideSolutionNode = FALSE
	EndGlobalSection
	GlobalSection(ExtensibilityGlobals) = postSolution
		SolutionGuid = {7C5C9806-2E14-444B-9938-45425684D781}
	EndGlobalSection
EndGlobal
