
Microsoft Visual Studio Solution File, Format Version 12.00
# Visual Studio 15
VisualStudioVersion = 15.0.27428.2027
MinimumVisualStudioVersion = 10.0.40219.1
Project("{FAE04EC0-301F-11D3-BF4B-00C04F79EFBC}") = "GCD finder", "GCD finder\GCD finder.csproj", "{2F56E87D-4A6C-4884-9D83-B7738CA08F60}"
EndProject
Global
	GlobalSection(SolutionConfigurationPlatforms) = preSolution
		Debug|Any CPU = Debug|Any CPU
		Release|Any CPU = Release|Any CPU
	EndGlobalSection
	GlobalSection(ProjectConfigurationPlatforms) = postSolution
		{2F56E87D-4A6C-4884-9D83-B7738CA08F60}.Debug|Any CPU.ActiveCfg = Debug|Any CPU
		{2F56E87D-4A6C-4884-9D83-B7738CA08F60}.Debug|Any CPU.Build.0 = Debug|Any CPU
		{2F56E87D-4A6C-4884-9D83-B7738CA08F60}.Release|Any CPU.ActiveCfg = Release|Any CPU
		{2F56E87D-4A6C-4884-9D83-B7738CA08F60}.Release|Any CPU.Build.0 = Release|Any CPU
	EndGlobalSection
	GlobalSection(SolutionProperties) = preSolution
		HideSolutionNode = FALSE
	EndGlobalSection
	GlobalSection(ExtensibilityGlobals) = postSolution
		SolutionGuid = {62F440D7-0AA5-4ECC-A9F0-81A96D09ABAD}
	EndGlobalSection
EndGlobal
