
Microsoft Visual Studio Solution File, Format Version 12.00
# Visual Studio 15
VisualStudioVersion = 15.0.27428.2027
MinimumVisualStudioVersion = 10.0.40219.1
Project("{9A19103F-16F7-4668-BE54-9A1E7A4F7556}") = "Lab2CalculateBattingAverage", "ConsoleApp2\Lab2CalculateBattingAverage.csproj", "{D15ADACD-4DD1-4F4D-98FF-B89CDCF8FEC1}"
EndProject
Global
	GlobalSection(SolutionConfigurationPlatforms) = preSolution
		Debug|Any CPU = Debug|Any CPU
		Release|Any CPU = Release|Any CPU
	EndGlobalSection
	GlobalSection(ProjectConfigurationPlatforms) = postSolution
		{D15ADACD-4DD1-4F4D-98FF-B89CDCF8FEC1}.Debug|Any CPU.ActiveCfg = Debug|Any CPU
		{D15ADACD-4DD1-4F4D-98FF-B89CDCF8FEC1}.Debug|Any CPU.Build.0 = Debug|Any CPU
		{D15ADACD-4DD1-4F4D-98FF-B89CDCF8FEC1}.Release|Any CPU.ActiveCfg = Release|Any CPU
		{D15ADACD-4DD1-4F4D-98FF-B89CDCF8FEC1}.Release|Any CPU.Build.0 = Release|Any CPU
	EndGlobalSection
	GlobalSection(SolutionProperties) = preSolution
		HideSolutionNode = FALSE
	EndGlobalSection
	GlobalSection(ExtensibilityGlobals) = postSolution
		SolutionGuid = {9DC7B2A5-A6C4-4E11-9A49-86CBCC87EE49}
	EndGlobalSection
EndGlobal
